<?xml version="1.0" encoding="utf-8"?>
<Project ToolsVersion="4.0" xmlns="http://schemas.microsoft.com/developer/msbuild/2003">
  <ItemGroup>
    <ClCompile Include="Render\Camera.cpp">
      <Filter>Render</Filter>
    </ClCompile>
    <ClCompile Include="Render\Render.cpp">
      <Filter>Render</Filter>
    </ClCompile>
    <ClCompile Include="RenderUtils.cpp" />
    <ClCompile Include="main.cpp" />
    <ClCompile Include="callbacks.cpp" />
    <ClCompile Include="Vector3D.cpp" />
    <ClCompile Include="Particle.cpp" />
    <ClCompile Include="Entity.cpp" />
    <ClCompile Include="EntityManager.cpp" />
    <ClCompile Include="Projectile.cpp" />
    <ClCompile Include="Generator.cpp" />
    <ClCompile Include="Gaussian.cpp" />
    <ClCompile Include="Uniform.cpp" />
    <ClCompile Include="Firework.cpp" />
    <ClCompile Include="FireworkLauncher.cpp" />
    <ClCompile Include="Scene.cpp" />
    <ClCompile Include="SceneManager.cpp" />
    <ClCompile Include="P2Scene.cpp" />
    <ClCompile Include="P3Scene.cpp" />
    <ClCompile Include="GScene.cpp" />
    <ClCompile Include="ForceGen.cpp" />
  </ItemGroup>
  <ItemGroup>
    <ClInclude Include="core.hpp" />
    <ClInclude Include="Render\Camera.h">
      <Filter>Render</Filter>
    </ClInclude>
    <ClInclude Include="Render\Render.h">
      <Filter>Render</Filter>
    </ClInclude>
    <ClInclude Include="RenderUtils.hpp" />
    <ClInclude Include="callbacks.hpp" />
    <ClInclude Include="Vector3D.h" />
    <ClInclude Include="Particle.h" />
    <ClInclude Include="Entity.h" />
    <ClInclude Include="EntityManager.h" />
    <ClInclude Include="Projectile.h" />
    <ClInclude Include="Generator.h" />
    <ClInclude Include="Gaussian.h" />
    <ClInclude Include="Uniform.h" />
    <ClInclude Include="Firework.h" />
    <ClInclude Include="FireworkLauncher.h" />
    <ClInclude Include="Scene.h" />
    <ClInclude Include="SceneManager.h" />
    <ClInclude Include="P2Scene.h" />
    <ClInclude Include="P3Scene.h" />
    <ClInclude Include="GScene.h" />
    <ClInclude Include="ForceGen.h" />
    <ClInclude Include="SceneResource.h" />
  </ItemGroup>
  <ItemGroup>
    <Filter Include="Render">
      <UniqueIdentifier>{d04b4f9f-5a69-465e-8070-25c6d0bcd3c2}</UniqueIdentifier>
    </Filter>
  </ItemGroup>
</Project>